
Microsoft Visual Studio Solution File, Format Version 12.00
# Visual Studio Version 17
VisualStudioVersion = 17.0.31903.59
MinimumVisualStudioVersion = 10.0.40219.1
Project("{FAE04EC0-301F-11D3-BF4B-00C04F79EFBC}") = "assignment", "assignment\assignment.csproj", "{0F2A2758-C436-4492-95EE-5C511ED15482}"
EndProject
Project("{FAE04EC0-301F-11D3-BF4B-00C04F79EFBC}") = "assignment_customFooBar", "assignment_customFooBar\assignment_customFooBar.csproj", "{17B60F2C-CF1F-4A20-9471-B50CC93D256F}"
EndProject
Project("{FAE04EC0-301F-11D3-BF4B-00C04F79EFBC}") = "Try_UnitTest", "Try_UnitTest\Try_UnitTest.csproj", "{65BAE295-CA83-4024-AE68-CDCB766707A6}"
EndProject
Project("{2150E333-8FDC-42A3-9474-1A3956D46DE8}") = "Try_AllUnitTest", "Try_AllUnitTest", "{7E5C69CA-4CB7-4ECC-A487-81E371E3FB30}"
EndProject
Project("{2150E333-8FDC-42A3-9474-1A3956D46DE8}") = "Project_AutoChess", "Project_AutoChess", "{6D8A143D-B292-472E-8752-641E219FCDA9}"
EndProject
Project("{FAE04EC0-301F-11D3-BF4B-00C04F79EFBC}") = "MyProject_AutoChess", "Project_AutoChess\MyProject_AutoChess\MyProject_AutoChess.csproj", "{E46A299B-04E1-4501-BC94-3AB0135F39A5}"
EndProject
Project("{2150E333-8FDC-42A3-9474-1A3956D46DE8}") = "DAY25", "DAY25", "{4E6C6D2E-134B-4C9E-A585-3A80D8F93A85}"
EndProject
Project("{FAE04EC0-301F-11D3-BF4B-00C04F79EFBC}") = "DAY25_1", "DAY25\DAY25_1\DAY25_1.csproj", "{EA1C4CE9-D260-42E3-8394-2D92D364E2A1}"
EndProject
Project("{2150E333-8FDC-42A3-9474-1A3956D46DE8}") = "My_Built In Library", "My_Built In Library", "{A1DA516B-9DAB-45A9-8BAF-17A5DBE1E676}"
EndProject
Project("{FAE04EC0-301F-11D3-BF4B-00C04F79EFBC}") = "01ConsoleLogger_txt", "01ConsoleLogger_txt\01ConsoleLogger_txt.csproj", "{4312BCA0-E2B1-4B62-A683-9D33BBDC47F7}"
EndProject
Project("{2150E333-8FDC-42A3-9474-1A3956D46DE8}") = "My_Log4Net", "My_Log4Net", "{DDAAD664-DFA9-47FD-AC41-8B124809E7E5}"
EndProject
Project("{FAE04EC0-301F-11D3-BF4B-00C04F79EFBC}") = "Try_Log4Net_1", "Try_Log4Net_1\Try_Log4Net_1.csproj", "{38760B79-304A-4924-A64E-99042C9281AB}"
EndProject
Project("{2150E333-8FDC-42A3-9474-1A3956D46DE8}") = "Assignment_customFooBar", "Assignment_customFooBar", "{89D208F3-4492-4D99-8AAB-59AFBA0FFE21}"
EndProject
Project("{FAE04EC0-301F-11D3-BF4B-00C04F79EFBC}") = "assignment_customFooBar.Test", "assignment_customFooBar.Test\assignment_customFooBar.Test.csproj", "{33EC6E95-0896-4920-92E3-890FD3C149B3}"
EndProject
Project("{FAE04EC0-301F-11D3-BF4B-00C04F79EFBC}") = "MyProject_AutoChess.Test", "MyProject_AutoChess.Test\MyProject_AutoChess.Test.csproj", "{1C81B747-AD71-46B0-ADB7-7E473D68E75E}"
EndProject
Project("{2150E333-8FDC-42A3-9474-1A3956D46DE8}") = "DAY26-MasKin", "DAY26-MasKin", "{CC2F1A17-3741-4F4E-BF7E-6E28EE4B7843}"
EndProject
Project("{2150E333-8FDC-42A3-9474-1A3956D46DE8}") = "Day26", "Day26", "{7A57D344-F61C-465A-B648-7BE1DCA2DF28}"
EndProject
Project("{FAE04EC0-301F-11D3-BF4B-00C04F79EFBC}") = "Calculation.Test", "DAY26-MasKin\Day26\Calculation.Test\Calculation.Test.csproj", "{32C52724-8CBE-4872-B70C-14AEA412C0EA}"
EndProject
Project("{FAE04EC0-301F-11D3-BF4B-00C04F79EFBC}") = "Calculation", "DAY26-MasKin\Day26\Calculation\Calculation.csproj", "{A72A8857-A2E1-456D-BE19-88C93D47E656}"
EndProject
Project("{FAE04EC0-301F-11D3-BF4B-00C04F79EFBC}") = "DAY26-Database", "DAY26-Database\DAY26-Database.csproj", "{4AFE9344-8CA0-401D-892F-DCD719692A66}"
EndProject
Project("{2150E333-8FDC-42A3-9474-1A3956D46DE8}") = "Day27-Database-MasKin", "Day27-Database-MasKin", "{BE98136F-4E68-4AF1-9A51-648E16487374}"
EndProject
Project("{2150E333-8FDC-42A3-9474-1A3956D46DE8}") = "WorkingWithEFCore", "WorkingWithEFCore", "{10E617C2-46AB-4104-BBC1-3D272CF496AC}"
EndProject
Project("{FAE04EC0-301F-11D3-BF4B-00C04F79EFBC}") = "EFCore", "Day27-Database-MasKin\WorkingWithEFCore\EFCore\EFCore.csproj", "{FFEE8BAC-705F-491D-8ABA-BEC272522C73}"
EndProject
Global
	GlobalSection(SolutionConfigurationPlatforms) = preSolution
		Debug|Any CPU = Debug|Any CPU
		Release|Any CPU = Release|Any CPU
	EndGlobalSection
	GlobalSection(SolutionProperties) = preSolution
		HideSolutionNode = FALSE
	EndGlobalSection
	GlobalSection(ProjectConfigurationPlatforms) = postSolution
		{0F2A2758-C436-4492-95EE-5C511ED15482}.Debug|Any CPU.ActiveCfg = Debug|Any CPU
		{0F2A2758-C436-4492-95EE-5C511ED15482}.Debug|Any CPU.Build.0 = Debug|Any CPU
		{0F2A2758-C436-4492-95EE-5C511ED15482}.Release|Any CPU.ActiveCfg = Release|Any CPU
		{0F2A2758-C436-4492-95EE-5C511ED15482}.Release|Any CPU.Build.0 = Release|Any CPU
		{17B60F2C-CF1F-4A20-9471-B50CC93D256F}.Debug|Any CPU.ActiveCfg = Debug|Any CPU
		{17B60F2C-CF1F-4A20-9471-B50CC93D256F}.Debug|Any CPU.Build.0 = Debug|Any CPU
		{17B60F2C-CF1F-4A20-9471-B50CC93D256F}.Release|Any CPU.ActiveCfg = Release|Any CPU
		{17B60F2C-CF1F-4A20-9471-B50CC93D256F}.Release|Any CPU.Build.0 = Release|Any CPU
		{65BAE295-CA83-4024-AE68-CDCB766707A6}.Debug|Any CPU.ActiveCfg = Debug|Any CPU
		{65BAE295-CA83-4024-AE68-CDCB766707A6}.Debug|Any CPU.Build.0 = Debug|Any CPU
		{65BAE295-CA83-4024-AE68-CDCB766707A6}.Release|Any CPU.ActiveCfg = Release|Any CPU
		{65BAE295-CA83-4024-AE68-CDCB766707A6}.Release|Any CPU.Build.0 = Release|Any CPU
		{E46A299B-04E1-4501-BC94-3AB0135F39A5}.Debug|Any CPU.ActiveCfg = Debug|Any CPU
		{E46A299B-04E1-4501-BC94-3AB0135F39A5}.Debug|Any CPU.Build.0 = Debug|Any CPU
		{E46A299B-04E1-4501-BC94-3AB0135F39A5}.Release|Any CPU.ActiveCfg = Release|Any CPU
		{E46A299B-04E1-4501-BC94-3AB0135F39A5}.Release|Any CPU.Build.0 = Release|Any CPU
		{EA1C4CE9-D260-42E3-8394-2D92D364E2A1}.Debug|Any CPU.ActiveCfg = Debug|Any CPU
		{EA1C4CE9-D260-42E3-8394-2D92D364E2A1}.Debug|Any CPU.Build.0 = Debug|Any CPU
		{EA1C4CE9-D260-42E3-8394-2D92D364E2A1}.Release|Any CPU.ActiveCfg = Release|Any CPU
		{EA1C4CE9-D260-42E3-8394-2D92D364E2A1}.Release|Any CPU.Build.0 = Release|Any CPU
		{4312BCA0-E2B1-4B62-A683-9D33BBDC47F7}.Debug|Any CPU.ActiveCfg = Debug|Any CPU
		{4312BCA0-E2B1-4B62-A683-9D33BBDC47F7}.Debug|Any CPU.Build.0 = Debug|Any CPU
		{4312BCA0-E2B1-4B62-A683-9D33BBDC47F7}.Release|Any CPU.ActiveCfg = Release|Any CPU
		{4312BCA0-E2B1-4B62-A683-9D33BBDC47F7}.Release|Any CPU.Build.0 = Release|Any CPU
		{38760B79-304A-4924-A64E-99042C9281AB}.Debug|Any CPU.ActiveCfg = Debug|Any CPU
		{38760B79-304A-4924-A64E-99042C9281AB}.Debug|Any CPU.Build.0 = Debug|Any CPU
		{38760B79-304A-4924-A64E-99042C9281AB}.Release|Any CPU.ActiveCfg = Release|Any CPU
		{38760B79-304A-4924-A64E-99042C9281AB}.Release|Any CPU.Build.0 = Release|Any CPU
		{33EC6E95-0896-4920-92E3-890FD3C149B3}.Debug|Any CPU.ActiveCfg = Debug|Any CPU
		{33EC6E95-0896-4920-92E3-890FD3C149B3}.Debug|Any CPU.Build.0 = Debug|Any CPU
		{33EC6E95-0896-4920-92E3-890FD3C149B3}.Release|Any CPU.ActiveCfg = Release|Any CPU
		{33EC6E95-0896-4920-92E3-890FD3C149B3}.Release|Any CPU.Build.0 = Release|Any CPU
		{1C81B747-AD71-46B0-ADB7-7E473D68E75E}.Debug|Any CPU.ActiveCfg = Debug|Any CPU
		{1C81B747-AD71-46B0-ADB7-7E473D68E75E}.Debug|Any CPU.Build.0 = Debug|Any CPU
		{1C81B747-AD71-46B0-ADB7-7E473D68E75E}.Release|Any CPU.ActiveCfg = Release|Any CPU
		{1C81B747-AD71-46B0-ADB7-7E473D68E75E}.Release|Any CPU.Build.0 = Release|Any CPU
		{32C52724-8CBE-4872-B70C-14AEA412C0EA}.Debug|Any CPU.ActiveCfg = Debug|Any CPU
		{32C52724-8CBE-4872-B70C-14AEA412C0EA}.Debug|Any CPU.Build.0 = Debug|Any CPU
		{32C52724-8CBE-4872-B70C-14AEA412C0EA}.Release|Any CPU.ActiveCfg = Release|Any CPU
		{32C52724-8CBE-4872-B70C-14AEA412C0EA}.Release|Any CPU.Build.0 = Release|Any CPU
		{A72A8857-A2E1-456D-BE19-88C93D47E656}.Debug|Any CPU.ActiveCfg = Debug|Any CPU
		{A72A8857-A2E1-456D-BE19-88C93D47E656}.Debug|Any CPU.Build.0 = Debug|Any CPU
		{A72A8857-A2E1-456D-BE19-88C93D47E656}.Release|Any CPU.ActiveCfg = Release|Any CPU
		{A72A8857-A2E1-456D-BE19-88C93D47E656}.Release|Any CPU.Build.0 = Release|Any CPU
		{4AFE9344-8CA0-401D-892F-DCD719692A66}.Debug|Any CPU.ActiveCfg = Debug|Any CPU
		{4AFE9344-8CA0-401D-892F-DCD719692A66}.Debug|Any CPU.Build.0 = Debug|Any CPU
		{4AFE9344-8CA0-401D-892F-DCD719692A66}.Release|Any CPU.ActiveCfg = Release|Any CPU
		{4AFE9344-8CA0-401D-892F-DCD719692A66}.Release|Any CPU.Build.0 = Release|Any CPU
		{FFEE8BAC-705F-491D-8ABA-BEC272522C73}.Debug|Any CPU.ActiveCfg = Debug|Any CPU
		{FFEE8BAC-705F-491D-8ABA-BEC272522C73}.Debug|Any CPU.Build.0 = Debug|Any CPU
		{FFEE8BAC-705F-491D-8ABA-BEC272522C73}.Release|Any CPU.ActiveCfg = Release|Any CPU
		{FFEE8BAC-705F-491D-8ABA-BEC272522C73}.Release|Any CPU.Build.0 = Release|Any CPU
	EndGlobalSection
	GlobalSection(NestedProjects) = preSolution
		{1C81B747-AD71-46B0-ADB7-7E473D68E75E} = {6D8A143D-B292-472E-8752-641E219FCDA9}
		{33EC6E95-0896-4920-92E3-890FD3C149B3} = {89D208F3-4492-4D99-8AAB-59AFBA0FFE21}
		{17B60F2C-CF1F-4A20-9471-B50CC93D256F} = {89D208F3-4492-4D99-8AAB-59AFBA0FFE21}
		{38760B79-304A-4924-A64E-99042C9281AB} = {DDAAD664-DFA9-47FD-AC41-8B124809E7E5}
		{DDAAD664-DFA9-47FD-AC41-8B124809E7E5} = {4E6C6D2E-134B-4C9E-A585-3A80D8F93A85}
		{4312BCA0-E2B1-4B62-A683-9D33BBDC47F7} = {A1DA516B-9DAB-45A9-8BAF-17A5DBE1E676}
		{A1DA516B-9DAB-45A9-8BAF-17A5DBE1E676} = {4E6C6D2E-134B-4C9E-A585-3A80D8F93A85}
		{65BAE295-CA83-4024-AE68-CDCB766707A6} = {7E5C69CA-4CB7-4ECC-A487-81E371E3FB30}
		{E46A299B-04E1-4501-BC94-3AB0135F39A5} = {6D8A143D-B292-472E-8752-641E219FCDA9}
		{EA1C4CE9-D260-42E3-8394-2D92D364E2A1} = {4E6C6D2E-134B-4C9E-A585-3A80D8F93A85}
		{7A57D344-F61C-465A-B648-7BE1DCA2DF28} = {CC2F1A17-3741-4F4E-BF7E-6E28EE4B7843}
		{32C52724-8CBE-4872-B70C-14AEA412C0EA} = {7A57D344-F61C-465A-B648-7BE1DCA2DF28}
		{A72A8857-A2E1-456D-BE19-88C93D47E656} = {7A57D344-F61C-465A-B648-7BE1DCA2DF28}
		{10E617C2-46AB-4104-BBC1-3D272CF496AC} = {BE98136F-4E68-4AF1-9A51-648E16487374}
		{FFEE8BAC-705F-491D-8ABA-BEC272522C73} = {10E617C2-46AB-4104-BBC1-3D272CF496AC}
	EndGlobalSection
EndGlobal
