
Microsoft Visual Studio Solution File, Format Version 12.00
# Visual Studio Version 17
VisualStudioVersion = 17.0.31903.59
MinimumVisualStudioVersion = 10.0.40219.1
Project("{FAE04EC0-301F-11D3-BF4B-00C04F79EFBC}") = "assignment", "assignment\assignment.csproj", "{0F2A2758-C436-4492-95EE-5C511ED15482}"
EndProject
Project("{FAE04EC0-301F-11D3-BF4B-00C04F79EFBC}") = "assignment_customFooBar", "assignment_customFooBar\assignment_customFooBar.csproj", "{17B60F2C-CF1F-4A20-9471-B50CC93D256F}"
EndProject
Project("{FAE04EC0-301F-11D3-BF4B-00C04F79EFBC}") = "Latian_BoardGame_TurnBased2", "Latian_BoardGame_TurnBased2\Latian_BoardGame_TurnBased2.csproj", "{777BC879-1BFE-4821-8E66-A139979CF207}"
EndProject
Project("{FAE04EC0-301F-11D3-BF4B-00C04F79EFBC}") = "Latian_BoardGame_TurnBased", "Latian_BoardGame_TurnBased\Latian_BoardGame_TurnBased.csproj", "{C6805AC8-376A-48D3-825F-AB95E5F043FD}"
EndProject
Project("{FAE04EC0-301F-11D3-BF4B-00C04F79EFBC}") = "Try_UnitTest", "Try_UnitTest\Try_UnitTest.csproj", "{65BAE295-CA83-4024-AE68-CDCB766707A6}"
EndProject
Project("{2150E333-8FDC-42A3-9474-1A3956D46DE8}") = "Try_AllUnitTest", "Try_AllUnitTest", "{7E5C69CA-4CB7-4ECC-A487-81E371E3FB30}"
EndProject
Project("{2150E333-8FDC-42A3-9474-1A3956D46DE8}") = "Project_AutoChess", "Project_AutoChess", "{6D8A143D-B292-472E-8752-641E219FCDA9}"
EndProject
Project("{FAE04EC0-301F-11D3-BF4B-00C04F79EFBC}") = "MyProject_AutoChess", "Project_AutoChess\MyProject_AutoChess\MyProject_AutoChess.csproj", "{E46A299B-04E1-4501-BC94-3AB0135F39A5}"
EndProject
Global
	GlobalSection(SolutionConfigurationPlatforms) = preSolution
		Debug|Any CPU = Debug|Any CPU
		Release|Any CPU = Release|Any CPU
	EndGlobalSection
	GlobalSection(SolutionProperties) = preSolution
		HideSolutionNode = FALSE
	EndGlobalSection
	GlobalSection(ProjectConfigurationPlatforms) = postSolution
		{0F2A2758-C436-4492-95EE-5C511ED15482}.Debug|Any CPU.ActiveCfg = Debug|Any CPU
		{0F2A2758-C436-4492-95EE-5C511ED15482}.Debug|Any CPU.Build.0 = Debug|Any CPU
		{0F2A2758-C436-4492-95EE-5C511ED15482}.Release|Any CPU.ActiveCfg = Release|Any CPU
		{0F2A2758-C436-4492-95EE-5C511ED15482}.Release|Any CPU.Build.0 = Release|Any CPU
		{17B60F2C-CF1F-4A20-9471-B50CC93D256F}.Debug|Any CPU.ActiveCfg = Debug|Any CPU
		{17B60F2C-CF1F-4A20-9471-B50CC93D256F}.Debug|Any CPU.Build.0 = Debug|Any CPU
		{17B60F2C-CF1F-4A20-9471-B50CC93D256F}.Release|Any CPU.ActiveCfg = Release|Any CPU
		{17B60F2C-CF1F-4A20-9471-B50CC93D256F}.Release|Any CPU.Build.0 = Release|Any CPU
		{777BC879-1BFE-4821-8E66-A139979CF207}.Debug|Any CPU.ActiveCfg = Debug|Any CPU
		{777BC879-1BFE-4821-8E66-A139979CF207}.Debug|Any CPU.Build.0 = Debug|Any CPU
		{777BC879-1BFE-4821-8E66-A139979CF207}.Release|Any CPU.ActiveCfg = Release|Any CPU
		{777BC879-1BFE-4821-8E66-A139979CF207}.Release|Any CPU.Build.0 = Release|Any CPU
		{C6805AC8-376A-48D3-825F-AB95E5F043FD}.Debug|Any CPU.ActiveCfg = Debug|Any CPU
		{C6805AC8-376A-48D3-825F-AB95E5F043FD}.Debug|Any CPU.Build.0 = Debug|Any CPU
		{C6805AC8-376A-48D3-825F-AB95E5F043FD}.Release|Any CPU.ActiveCfg = Release|Any CPU
		{C6805AC8-376A-48D3-825F-AB95E5F043FD}.Release|Any CPU.Build.0 = Release|Any CPU
		{65BAE295-CA83-4024-AE68-CDCB766707A6}.Debug|Any CPU.ActiveCfg = Debug|Any CPU
		{65BAE295-CA83-4024-AE68-CDCB766707A6}.Debug|Any CPU.Build.0 = Debug|Any CPU
		{65BAE295-CA83-4024-AE68-CDCB766707A6}.Release|Any CPU.ActiveCfg = Release|Any CPU
		{65BAE295-CA83-4024-AE68-CDCB766707A6}.Release|Any CPU.Build.0 = Release|Any CPU
		{E46A299B-04E1-4501-BC94-3AB0135F39A5}.Debug|Any CPU.ActiveCfg = Debug|Any CPU
		{E46A299B-04E1-4501-BC94-3AB0135F39A5}.Debug|Any CPU.Build.0 = Debug|Any CPU
		{E46A299B-04E1-4501-BC94-3AB0135F39A5}.Release|Any CPU.ActiveCfg = Release|Any CPU
		{E46A299B-04E1-4501-BC94-3AB0135F39A5}.Release|Any CPU.Build.0 = Release|Any CPU
	EndGlobalSection
	GlobalSection(NestedProjects) = preSolution
		{65BAE295-CA83-4024-AE68-CDCB766707A6} = {7E5C69CA-4CB7-4ECC-A487-81E371E3FB30}
		{E46A299B-04E1-4501-BC94-3AB0135F39A5} = {6D8A143D-B292-472E-8752-641E219FCDA9}
	EndGlobalSection
EndGlobal
