
Microsoft Visual Studio Solution File, Format Version 12.00
# Visual Studio Version 17
VisualStudioVersion = 17.0.31903.59
MinimumVisualStudioVersion = 10.0.40219.1
Project("{FAE04EC0-301F-11D3-BF4B-00C04F79EFBC}") = "DAY20_1", "DAY20_1\DAY20_1.csproj", "{3AB07D11-2F3F-4C6B-9E75-D3C81A8C7DD7}"
EndProject
Project("{FAE04EC0-301F-11D3-BF4B-00C04F79EFBC}") = "DAY20_2", "DAY20_2\DAY20_2.csproj", "{BBE04515-5F18-44D0-85CE-AC5755B61704}"
EndProject
Project("{FAE04EC0-301F-11D3-BF4B-00C04F79EFBC}") = "DAY20_3", "DAY20_3\DAY20_3.csproj", "{973365DA-0912-4AE2-A704-D076D321FD31}"
EndProject
Project("{FAE04EC0-301F-11D3-BF4B-00C04F79EFBC}") = "DAY20_4", "DAY20_4\DAY20_4.csproj", "{C8D6CB94-84BE-41BB-BB84-EA6F9EFCE533}"
EndProject
Project("{FAE04EC0-301F-11D3-BF4B-00C04F79EFBC}") = "DAY20_5", "DAY20_5\DAY20_5.csproj", "{D064765D-B839-436E-87A3-7186AAA702C0}"
EndProject
Global
	GlobalSection(SolutionConfigurationPlatforms) = preSolution
		Debug|Any CPU = Debug|Any CPU
		Release|Any CPU = Release|Any CPU
	EndGlobalSection
	GlobalSection(SolutionProperties) = preSolution
		HideSolutionNode = FALSE
	EndGlobalSection
	GlobalSection(ProjectConfigurationPlatforms) = postSolution
		{3AB07D11-2F3F-4C6B-9E75-D3C81A8C7DD7}.Debug|Any CPU.ActiveCfg = Debug|Any CPU
		{3AB07D11-2F3F-4C6B-9E75-D3C81A8C7DD7}.Debug|Any CPU.Build.0 = Debug|Any CPU
		{3AB07D11-2F3F-4C6B-9E75-D3C81A8C7DD7}.Release|Any CPU.ActiveCfg = Release|Any CPU
		{3AB07D11-2F3F-4C6B-9E75-D3C81A8C7DD7}.Release|Any CPU.Build.0 = Release|Any CPU
		{BBE04515-5F18-44D0-85CE-AC5755B61704}.Debug|Any CPU.ActiveCfg = Debug|Any CPU
		{BBE04515-5F18-44D0-85CE-AC5755B61704}.Debug|Any CPU.Build.0 = Debug|Any CPU
		{BBE04515-5F18-44D0-85CE-AC5755B61704}.Release|Any CPU.ActiveCfg = Release|Any CPU
		{BBE04515-5F18-44D0-85CE-AC5755B61704}.Release|Any CPU.Build.0 = Release|Any CPU
		{973365DA-0912-4AE2-A704-D076D321FD31}.Debug|Any CPU.ActiveCfg = Debug|Any CPU
		{973365DA-0912-4AE2-A704-D076D321FD31}.Debug|Any CPU.Build.0 = Debug|Any CPU
		{973365DA-0912-4AE2-A704-D076D321FD31}.Release|Any CPU.ActiveCfg = Release|Any CPU
		{973365DA-0912-4AE2-A704-D076D321FD31}.Release|Any CPU.Build.0 = Release|Any CPU
		{C8D6CB94-84BE-41BB-BB84-EA6F9EFCE533}.Debug|Any CPU.ActiveCfg = Debug|Any CPU
		{C8D6CB94-84BE-41BB-BB84-EA6F9EFCE533}.Debug|Any CPU.Build.0 = Debug|Any CPU
		{C8D6CB94-84BE-41BB-BB84-EA6F9EFCE533}.Release|Any CPU.ActiveCfg = Release|Any CPU
		{C8D6CB94-84BE-41BB-BB84-EA6F9EFCE533}.Release|Any CPU.Build.0 = Release|Any CPU
		{D064765D-B839-436E-87A3-7186AAA702C0}.Debug|Any CPU.ActiveCfg = Debug|Any CPU
		{D064765D-B839-436E-87A3-7186AAA702C0}.Debug|Any CPU.Build.0 = Debug|Any CPU
		{D064765D-B839-436E-87A3-7186AAA702C0}.Release|Any CPU.ActiveCfg = Release|Any CPU
		{D064765D-B839-436E-87A3-7186AAA702C0}.Release|Any CPU.Build.0 = Release|Any CPU
	EndGlobalSection
EndGlobal
