
Microsoft Visual Studio Solution File, Format Version 12.00
# Visual Studio Version 17
VisualStudioVersion = 17.0.31903.59
MinimumVisualStudioVersion = 10.0.40219.1
Project("{FAE04EC0-301F-11D3-BF4B-00C04F79EFBC}") = "WithPrototype", "WithPrototype\WithPrototype.csproj", "{D49C6E93-3D7F-45F4-908E-790FF589CFAD}"
EndProject
Project("{FAE04EC0-301F-11D3-BF4B-00C04F79EFBC}") = "NoPrototype", "NoPrototype\NoPrototype.csproj", "{9AD93B72-B912-4243-A107-F0479A7D4188}"
EndProject
Project("{FAE04EC0-301F-11D3-BF4B-00C04F79EFBC}") = "WithPrototype_1", "WithPrototype_1\WithPrototype_1.csproj", "{2E01A7CB-A800-4FB8-9C4B-132A26DC91C8}"
EndProject
Global
	GlobalSection(SolutionConfigurationPlatforms) = preSolution
		Debug|Any CPU = Debug|Any CPU
		Release|Any CPU = Release|Any CPU
	EndGlobalSection
	GlobalSection(SolutionProperties) = preSolution
		HideSolutionNode = FALSE
	EndGlobalSection
	GlobalSection(ProjectConfigurationPlatforms) = postSolution
		{D49C6E93-3D7F-45F4-908E-790FF589CFAD}.Debug|Any CPU.ActiveCfg = Debug|Any CPU
		{D49C6E93-3D7F-45F4-908E-790FF589CFAD}.Debug|Any CPU.Build.0 = Debug|Any CPU
		{D49C6E93-3D7F-45F4-908E-790FF589CFAD}.Release|Any CPU.ActiveCfg = Release|Any CPU
		{D49C6E93-3D7F-45F4-908E-790FF589CFAD}.Release|Any CPU.Build.0 = Release|Any CPU
		{9AD93B72-B912-4243-A107-F0479A7D4188}.Debug|Any CPU.ActiveCfg = Debug|Any CPU
		{9AD93B72-B912-4243-A107-F0479A7D4188}.Debug|Any CPU.Build.0 = Debug|Any CPU
		{9AD93B72-B912-4243-A107-F0479A7D4188}.Release|Any CPU.ActiveCfg = Release|Any CPU
		{9AD93B72-B912-4243-A107-F0479A7D4188}.Release|Any CPU.Build.0 = Release|Any CPU
		{2E01A7CB-A800-4FB8-9C4B-132A26DC91C8}.Debug|Any CPU.ActiveCfg = Debug|Any CPU
		{2E01A7CB-A800-4FB8-9C4B-132A26DC91C8}.Debug|Any CPU.Build.0 = Debug|Any CPU
		{2E01A7CB-A800-4FB8-9C4B-132A26DC91C8}.Release|Any CPU.ActiveCfg = Release|Any CPU
		{2E01A7CB-A800-4FB8-9C4B-132A26DC91C8}.Release|Any CPU.Build.0 = Release|Any CPU
	EndGlobalSection
EndGlobal
