
Microsoft Visual Studio Solution File, Format Version 12.00
# Visual Studio Version 16
VisualStudioVersion = 16.0.30114.105
MinimumVisualStudioVersion = 10.0.40219.1
Project("{FAE04EC0-301F-11D3-BF4B-00C04F79EFBC}") = "DAY18_1", "DAY18_1\DAY18_1.csproj", "{67686899-5386-4507-BB1B-B73F99175E51}"
EndProject
Project("{FAE04EC0-301F-11D3-BF4B-00C04F79EFBC}") = "DAY18_2", "DAY18_2\DAY18_2.csproj", "{F3226F0B-FBCE-4246-8964-8673C8F88DD6}"
EndProject
Project("{FAE04EC0-301F-11D3-BF4B-00C04F79EFBC}") = "DAY18_3", "DAY18_3\DAY18_3.csproj", "{CF53C987-4AC7-4B82-BBA1-5F76DBCAAD1C}"
EndProject
Project("{FAE04EC0-301F-11D3-BF4B-00C04F79EFBC}") = "DAY18_4", "DAY18_4\DAY18_4.csproj", "{C5BE0137-9FB5-463B-BB6E-46E0E1340E8D}"
EndProject
Project("{FAE04EC0-301F-11D3-BF4B-00C04F79EFBC}") = "DAY18_5", "DAY18_5\DAY18_5.csproj", "{4522F3D2-34CD-45A7-B658-DF229A85C5BD}"
EndProject
Project("{FAE04EC0-301F-11D3-BF4B-00C04F79EFBC}") = "DAY19_6", "DAY19_6\DAY19_6.csproj", "{1121E95A-9D03-47DC-9782-CB5D826DF73E}"
EndProject
Project("{FAE04EC0-301F-11D3-BF4B-00C04F79EFBC}") = "DAY18_6", "DAY18_6\DAY18_6.csproj", "{F807EE03-2774-4937-AE83-D4EAB97C1E82}"
EndProject
Project("{FAE04EC0-301F-11D3-BF4B-00C04F79EFBC}") = "DAY18_7_Task", "DAY18_7_Task\DAY18_7_Task.csproj", "{3932B6D2-6442-40D6-9F00-C88A380C8D4C}"
EndProject
Project("{FAE04EC0-301F-11D3-BF4B-00C04F79EFBC}") = "DAY18_8_ContinueWith", "DAY18_8_ContinueWith\DAY18_8_ContinueWith.csproj", "{2FE7F3D1-2444-4A65-ABD0-A10E0B7F53AA}"
EndProject
Project("{FAE04EC0-301F-11D3-BF4B-00C04F79EFBC}") = "DAY18_9_AsyncAwait", "DAY18_9_AsyncAwait\DAY18_9_AsyncAwait.csproj", "{4CDF9F5D-6B94-4C2A-BDE1-CB0845C0C0B1}"
EndProject
Global
	GlobalSection(SolutionConfigurationPlatforms) = preSolution
		Debug|Any CPU = Debug|Any CPU
		Release|Any CPU = Release|Any CPU
	EndGlobalSection
	GlobalSection(SolutionProperties) = preSolution
		HideSolutionNode = FALSE
	EndGlobalSection
	GlobalSection(ProjectConfigurationPlatforms) = postSolution
		{67686899-5386-4507-BB1B-B73F99175E51}.Debug|Any CPU.ActiveCfg = Debug|Any CPU
		{67686899-5386-4507-BB1B-B73F99175E51}.Debug|Any CPU.Build.0 = Debug|Any CPU
		{67686899-5386-4507-BB1B-B73F99175E51}.Release|Any CPU.ActiveCfg = Release|Any CPU
		{67686899-5386-4507-BB1B-B73F99175E51}.Release|Any CPU.Build.0 = Release|Any CPU
		{F3226F0B-FBCE-4246-8964-8673C8F88DD6}.Debug|Any CPU.ActiveCfg = Debug|Any CPU
		{F3226F0B-FBCE-4246-8964-8673C8F88DD6}.Debug|Any CPU.Build.0 = Debug|Any CPU
		{F3226F0B-FBCE-4246-8964-8673C8F88DD6}.Release|Any CPU.ActiveCfg = Release|Any CPU
		{F3226F0B-FBCE-4246-8964-8673C8F88DD6}.Release|Any CPU.Build.0 = Release|Any CPU
		{CF53C987-4AC7-4B82-BBA1-5F76DBCAAD1C}.Debug|Any CPU.ActiveCfg = Debug|Any CPU
		{CF53C987-4AC7-4B82-BBA1-5F76DBCAAD1C}.Debug|Any CPU.Build.0 = Debug|Any CPU
		{CF53C987-4AC7-4B82-BBA1-5F76DBCAAD1C}.Release|Any CPU.ActiveCfg = Release|Any CPU
		{CF53C987-4AC7-4B82-BBA1-5F76DBCAAD1C}.Release|Any CPU.Build.0 = Release|Any CPU
		{C5BE0137-9FB5-463B-BB6E-46E0E1340E8D}.Debug|Any CPU.ActiveCfg = Debug|Any CPU
		{C5BE0137-9FB5-463B-BB6E-46E0E1340E8D}.Debug|Any CPU.Build.0 = Debug|Any CPU
		{C5BE0137-9FB5-463B-BB6E-46E0E1340E8D}.Release|Any CPU.ActiveCfg = Release|Any CPU
		{C5BE0137-9FB5-463B-BB6E-46E0E1340E8D}.Release|Any CPU.Build.0 = Release|Any CPU
		{4522F3D2-34CD-45A7-B658-DF229A85C5BD}.Debug|Any CPU.ActiveCfg = Debug|Any CPU
		{4522F3D2-34CD-45A7-B658-DF229A85C5BD}.Debug|Any CPU.Build.0 = Debug|Any CPU
		{4522F3D2-34CD-45A7-B658-DF229A85C5BD}.Release|Any CPU.ActiveCfg = Release|Any CPU
		{4522F3D2-34CD-45A7-B658-DF229A85C5BD}.Release|Any CPU.Build.0 = Release|Any CPU
		{1121E95A-9D03-47DC-9782-CB5D826DF73E}.Debug|Any CPU.ActiveCfg = Debug|Any CPU
		{1121E95A-9D03-47DC-9782-CB5D826DF73E}.Debug|Any CPU.Build.0 = Debug|Any CPU
		{1121E95A-9D03-47DC-9782-CB5D826DF73E}.Release|Any CPU.ActiveCfg = Release|Any CPU
		{1121E95A-9D03-47DC-9782-CB5D826DF73E}.Release|Any CPU.Build.0 = Release|Any CPU
		{F807EE03-2774-4937-AE83-D4EAB97C1E82}.Debug|Any CPU.ActiveCfg = Debug|Any CPU
		{F807EE03-2774-4937-AE83-D4EAB97C1E82}.Debug|Any CPU.Build.0 = Debug|Any CPU
		{F807EE03-2774-4937-AE83-D4EAB97C1E82}.Release|Any CPU.ActiveCfg = Release|Any CPU
		{F807EE03-2774-4937-AE83-D4EAB97C1E82}.Release|Any CPU.Build.0 = Release|Any CPU
		{3932B6D2-6442-40D6-9F00-C88A380C8D4C}.Debug|Any CPU.ActiveCfg = Debug|Any CPU
		{3932B6D2-6442-40D6-9F00-C88A380C8D4C}.Debug|Any CPU.Build.0 = Debug|Any CPU
		{3932B6D2-6442-40D6-9F00-C88A380C8D4C}.Release|Any CPU.ActiveCfg = Release|Any CPU
		{3932B6D2-6442-40D6-9F00-C88A380C8D4C}.Release|Any CPU.Build.0 = Release|Any CPU
		{2FE7F3D1-2444-4A65-ABD0-A10E0B7F53AA}.Debug|Any CPU.ActiveCfg = Debug|Any CPU
		{2FE7F3D1-2444-4A65-ABD0-A10E0B7F53AA}.Debug|Any CPU.Build.0 = Debug|Any CPU
		{2FE7F3D1-2444-4A65-ABD0-A10E0B7F53AA}.Release|Any CPU.ActiveCfg = Release|Any CPU
		{2FE7F3D1-2444-4A65-ABD0-A10E0B7F53AA}.Release|Any CPU.Build.0 = Release|Any CPU
		{4CDF9F5D-6B94-4C2A-BDE1-CB0845C0C0B1}.Debug|Any CPU.ActiveCfg = Debug|Any CPU
		{4CDF9F5D-6B94-4C2A-BDE1-CB0845C0C0B1}.Debug|Any CPU.Build.0 = Debug|Any CPU
		{4CDF9F5D-6B94-4C2A-BDE1-CB0845C0C0B1}.Release|Any CPU.ActiveCfg = Release|Any CPU
		{4CDF9F5D-6B94-4C2A-BDE1-CB0845C0C0B1}.Release|Any CPU.Build.0 = Release|Any CPU
	EndGlobalSection
EndGlobal
